
Microsoft Visual Studio Solution File, Format Version 12.00
# Visual Studio Version 17
VisualStudioVersion = 17.14.37411.7 d17.14
MinimumVisualStudioVersion = 10.0.40219.1
Project("{FAE04EC0-301F-11D3-BF4B-00C04F79EFBC}") = "RequirementsGeneratorTool", "RequirementsGeneratorTool.csproj", "{B75B02C9-AE0F-4944-88E1-FA6824EDC439}"
EndProject
Global
	GlobalSection(SolutionConfigurationPlatforms) = preSolution
		Debug|Any CPU = Debug|Any CPU
		Release|Any CPU = Release|Any CPU
	EndGlobalSection
	GlobalSection(ProjectConfigurationPlatforms) = postSolution
		{B75B02C9-AE0F-4944-88E1-FA6824EDC439}.Debug|Any CPU.ActiveCfg = Debug|Any CPU
		{B75B02C9-AE0F-4944-88E1-FA6824EDC439}.Debug|Any CPU.Build.0 = Debug|Any CPU
		{B75B02C9-AE0F-4944-88E1-FA6824EDC439}.Release|Any CPU.ActiveCfg = Release|Any CPU
		{B75B02C9-AE0F-4944-88E1-FA6824EDC439}.Release|Any CPU.Build.0 = Release|Any CPU
	EndGlobalSection
	GlobalSection(SolutionProperties) = preSolution
		HideSolutionNode = FALSE
	EndGlobalSection
	GlobalSection(ExtensibilityGlobals) = postSolution
		SolutionGuid = {1C085529-3DAA-4FF4-BE83-026FB6E9A3AE}
	EndGlobalSection
EndGlobal
